
Microsoft Visual Studio Solution File, Format Version 12.00
# Visual Studio 15
VisualStudioVersion = 15.0.27130.2027
MinimumVisualStudioVersion = 10.0.40219.1
Project("{FAE04EC0-301F-11D3-BF4B-00C04F79EFBC}") = "Bot.Application", "Bot.Application\Bot.Application.csproj", "{B70AE33F-36A6-4CA7-BEB5-1EEEC48C0987}"
EndProject
Global
	GlobalSection(SolutionConfigurationPlatforms) = preSolution
		Debug|Any CPU = Debug|Any CPU
		Release|Any CPU = Release|Any CPU
	EndGlobalSection
	GlobalSection(ProjectConfigurationPlatforms) = postSolution
		{B70AE33F-36A6-4CA7-BEB5-1EEEC48C0987}.Debug|Any CPU.ActiveCfg = Debug|Any CPU
		{B70AE33F-36A6-4CA7-BEB5-1EEEC48C0987}.Debug|Any CPU.Build.0 = Debug|Any CPU
		{B70AE33F-36A6-4CA7-BEB5-1EEEC48C0987}.Release|Any CPU.ActiveCfg = Release|Any CPU
		{B70AE33F-36A6-4CA7-BEB5-1EEEC48C0987}.Release|Any CPU.Build.0 = Release|Any CPU
	EndGlobalSection
	GlobalSection(SolutionProperties) = preSolution
		HideSolutionNode = FALSE
	EndGlobalSection
	GlobalSection(ExtensibilityGlobals) = postSolution
		SolutionGuid = {159FB37F-93E8-4A33-A6A2-8980D7B291AA}
	EndGlobalSection
EndGlobal
